// !$*UTF8*$!
{
	archiveVersion = 1;
	classes = {
	};
	objectVersion = 46;
	objects = {

/* Begin PBXBuildFile section */
		D11CA9071A9BECCD0063A37E /* main.m in Sources */ = {isa = PBXBuildFile; fileRef = D11CA9061A9BECCD0063A37E /* main.m */; };
		D11CA90A1A9BECCD0063A37E /* AppDelegate.m in Sources */ = {isa = PBXBuildFile; fileRef = D11CA9091A9BECCD0063A37E /* AppDelegate.m */; };
		D11CA90D1A9BECCD0063A37E /* Inicio_8010.xcdatamodeld in Sources */ = {isa = PBXBuildFile; fileRef = D11CA90B1A9BECCD0063A37E /* Inicio_8010.xcdatamodeld */; };
		D11CA9101A9BECCD0063A37E /* Start.m in Sources */ = {isa = PBXBuildFile; fileRef = D11CA90F1A9BECCD0063A37E /* Start.m */; };
		D11CA9131A9BECCD0063A37E /* Main.storyboard in Resources */ = {isa = PBXBuildFile; fileRef = D11CA9111A9BECCD0063A37E /* Main.storyboard */; };
		D11CA9151A9BECCD0063A37E /* Images.xcassets in Resources */ = {isa = PBXBuildFile; fileRef = D11CA9141A9BECCD0063A37E /* Images.xcassets */; };
		D11CA9181A9BECCD0063A37E /* LaunchScreen.xib in Resources */ = {isa = PBXBuildFile; fileRef = D11CA9161A9BECCD0063A37E /* LaunchScreen.xib */; };
		D11CA9241A9BECCD0063A37E /* Inicio_8010Tests.m in Sources */ = {isa = PBXBuildFile; fileRef = D11CA9231A9BECCD0063A37E /* Inicio_8010Tests.m */; };
/* End PBXBuildFile section */

/* Begin PBXContainerItemProxy section */
		D11CA91E1A9BECCD0063A37E /* PBXContainerItemProxy */ = {
			isa = PBXContainerItemProxy;
			containerPortal = D11CA8F91A9BECCD0063A37E /* Project object */;
			proxyType = 1;
			remoteGlobalIDString = D11CA9001A9BECCD0063A37E;
			remoteInfo = "Inicio-8010";
		};
/* End PBXContainerItemProxy section */

/* Begin PBXFileReference section */
		D11CA9011A9BECCD0063A37E /* Inicio-8010.app */ = {isa = PBXFileReference; explicitFileType = wrapper.application; includeInIndex = 0; path = "Inicio-8010.app"; sourceTree = BUILT_PRODUCTS_DIR; };
		D11CA9051A9BECCD0063A37E /* Info.plist */ = {isa = PBXFileReference; lastKnownFileType = text.plist.xml; path = Info.plist; sourceTree = "<group>"; };
		D11CA9061A9BECCD0063A37E /* main.m */ = {isa = PBXFileReference; lastKnownFileType = sourcecode.c.objc; path = main.m; sourceTree = "<group>"; };
		D11CA9081A9BECCD0063A37E /* AppDelegate.h */ = {isa = PBXFileReference; lastKnownFileType = sourcecode.c.h; path = AppDelegate.h; sourceTree = "<group>"; };
		D11CA9091A9BECCD0063A37E /* AppDelegate.m */ = {isa = PBXFileReference; lastKnownFileType = sourcecode.c.objc; path = AppDelegate.m; sourceTree = "<group>"; };
		D11CA90C1A9BECCD0063A37E /* Inicio_8010.xcdatamodel */ = {isa = PBXFileReference; lastKnownFileType = wrapper.xcdatamodel; path = Inicio_8010.xcdatamodel; sourceTree = "<group>"; };
		D11CA90E1A9BECCD0063A37E /* Start.h */ = {isa = PBXFileReference; lastKnownFileType = sourcecode.c.h; path = Start.h; sourceTree = "<group>"; };
		D11CA90F1A9BECCD0063A37E /* Start.m */ = {isa = PBXFileReference; lastKnownFileType = sourcecode.c.objc; path = Start.m; sourceTree = "<group>"; };
		D11CA9121A9BECCD0063A37E /* Base */ = {isa = PBXFileReference; lastKnownFileType = file.storyboard; name = Base; path = Base.lproj/Main.storyboard; sourceTree = "<group>"; };
		D11CA9141A9BECCD0063A37E /* Images.xcassets */ = {isa = PBXFileReference; lastKnownFileType = folder.assetcatalog; path = Images.xcassets; sourceTree = "<group>"; };
		D11CA9171A9BECCD0063A37E /* Base */ = {isa = PBXFileReference; lastKnownFileType = file.xib; name = Base; path = Base.lproj/LaunchScreen.xib; sourceTree = "<group>"; };
		D11CA91D1A9BECCD0063A37E /* Inicio-8010Tests.xctest */ = {isa = PBXFileReference; explicitFileType = wrapper.cfbundle; includeInIndex = 0; path = "Inicio-8010Tests.xctest"; sourceTree = BUILT_PRODUCTS_DIR; };
		D11CA9221A9BECCD0063A37E /* Info.plist */ = {isa = PBXFileReference; lastKnownFileType = text.plist.xml; path = Info.plist; sourceTree = "<group>"; };
		D11CA9231A9BECCD0063A37E /* Inicio_8010Tests.m */ = {isa = PBXFileReference; lastKnownFileType = sourcecode.c.objc; path = Inicio_8010Tests.m; sourceTree = "<group>"; };
/* End PBXFileReference section */

/* Begin PBXFrameworksBuildPhase section */
		D11CA8FE1A9BECCD0063A37E /* Frameworks */ = {
			isa = PBXFrameworksBuildPhase;
			buildActionMask = 2147483647;
			files = (
			);
			runOnlyForDeploymentPostprocessing = 0;
		};
		D11CA91A1A9BECCD0063A37E /* Frameworks */ = {
			isa = PBXFrameworksBuildPhase;
			buildActionMask = 2147483647;
			files = (
			);
			runOnlyForDeploymentPostprocessing = 0;
		};
/* End PBXFrameworksBuildPhase section */

/* Begin PBXGroup section */
		D11CA8F81A9BECCD0063A37E = {
			isa = PBXGroup;
			children = (
				D11CA9031A9BECCD0063A37E /* Inicio-8010 */,
				D11CA9201A9BECCD0063A37E /* Inicio-8010Tests */,
				D11CA9021A9BECCD0063A37E /* Products */,
			);
			sourceTree = "<group>";
		};
		D11CA9021A9BECCD0063A37E /* Products */ = {
			isa = PBXGroup;
			children = (
				D11CA9011A9BECCD0063A37E /* Inicio-8010.app */,
				D11CA91D1A9BECCD0063A37E /* Inicio-8010Tests.xctest */,
			);
			name = Products;
			sourceTree = "<group>";
		};
		D11CA9031A9BECCD0063A37E /* Inicio-8010 */ = {
			isa = PBXGroup;
			children = (
				D11CA9081A9BECCD0063A37E /* AppDelegate.h */,
				D11CA9091A9BECCD0063A37E /* AppDelegate.m */,
				D11CA90E1A9BECCD0063A37E /* Start.h */,
				D11CA90F1A9BECCD0063A37E /* Start.m */,
				D11CA9111A9BECCD0063A37E /* Main.storyboard */,
				D11CA9141A9BECCD0063A37E /* Images.xcassets */,
				D11CA9161A9BECCD0063A37E /* LaunchScreen.xib */,
				D11CA90B1A9BECCD0063A37E /* Inicio_8010.xcdatamodeld */,
				D11CA9041A9BECCD0063A37E /* Supporting Files */,
			);
			path = "Inicio-8010";
			sourceTree = "<group>";
		};
		D11CA9041A9BECCD0063A37E /* Supporting Files */ = {
			isa = PBXGroup;
			children = (
				D11CA9051A9BECCD0063A37E /* Info.plist */,
				D11CA9061A9BECCD0063A37E /* main.m */,
			);
			name = "Supporting Files";
			sourceTree = "<group>";
		};
		D11CA9201A9BECCD0063A37E /* Inicio-8010Tests */ = {
			isa = PBXGroup;
			children = (
				D11CA9231A9BECCD0063A37E /* Inicio_8010Tests.m */,
				D11CA9211A9BECCD0063A37E /* Supporting Files */,
			);
			path = "Inicio-8010Tests";
			sourceTree = "<group>";
		};
		D11CA9211A9BECCD0063A37E /* Supporting Files */ = {
			isa = PBXGroup;
			children = (
				D11CA9221A9BECCD0063A37E /* Info.plist */,
			);
			name = "Supporting Files";
			sourceTree = "<group>";
		};
/* End PBXGroup section */

/* Begin PBXNativeTarget section */
		D11CA9001A9BECCD0063A37E /* Inicio-8010 */ = {
			isa = PBXNativeTarget;
			buildConfigurationList = D11CA9271A9BECCD0063A37E /* Build configuration list for PBXNativeTarget "Inicio-8010" */;
			buildPhases = (
				D11CA8FD1A9BECCD0063A37E /* Sources */,
				D11CA8FE1A9BECCD0063A37E /* Frameworks */,
				D11CA8FF1A9BECCD0063A37E /* Resources */,
			);
			buildRules = (
			);
			dependencies = (
			);
			name = "Inicio-8010";
			productName = "Inicio-8010";
			productReference = D11CA9011A9BECCD0063A37E /* Inicio-8010.app */;
			productType = "com.apple.product-type.application";
		};
		D11CA91C1A9BECCD0063A37E /* Inicio-8010Tests */ = {
			isa = PBXNativeTarget;
			buildConfigurationList = D11CA92A1A9BECCD0063A37E /* Build configuration list for PBXNativeTarget "Inicio-8010Tests" */;
			buildPhases = (
				D11CA9191A9BECCD0063A37E /* Sources */,
				D11CA91A1A9BECCD0063A37E /* Frameworks */,
				D11CA91B1A9BECCD0063A37E /* Resources */,
			);
			buildRules = (
			);
			dependencies = (
				D11CA91F1A9BECCD0063A37E /* PBXTargetDependency */,
			);
			name = "Inicio-8010Tests";
			productName = "Inicio-8010Tests";
			productReference = D11CA91D1A9BECCD0063A37E /* Inicio-8010Tests.xctest */;
			productType = "com.apple.product-type.bundle.unit-test";
		};
/* End PBXNativeTarget section */

/* Begin PBXProject section */
		D11CA8F91A9BECCD0063A37E /* Project object */ = {
			isa = PBXProject;
			attributes = {
				LastUpgradeCheck = 0610;
				ORGANIZATIONNAME = Smartplace;
				TargetAttributes = {
					D11CA9001A9BECCD0063A37E = {
						CreatedOnToolsVersion = 6.1.1;
					};
					D11CA91C1A9BECCD0063A37E = {
						CreatedOnToolsVersion = 6.1.1;
						TestTargetID = D11CA9001A9BECCD0063A37E;
					};
				};
			};
			buildConfigurationList = D11CA8FC1A9BECCD0063A37E /* Build configuration list for PBXProject "Inicio-8010" */;
			compatibilityVersion = "Xcode 3.2";
			developmentRegion = English;
			hasScannedForEncodings = 0;
			knownRegions = (
				en,
				Base,
			);
			mainGroup = D11CA8F81A9BECCD0063A37E;
			productRefGroup = D11CA9021A9BECCD0063A37E /* Products */;
			projectDirPath = "";
			projectRoot = "";
			targets = (
				D11CA9001A9BECCD0063A37E /* Inicio-8010 */,
				D11CA91C1A9BECCD0063A37E /* Inicio-8010Tests */,
			);
		};
/* End PBXProject section */

/* Begin PBXResourcesBuildPhase section */
		D11CA8FF1A9BECCD0063A37E /* Resources */ = {
			isa = PBXResourcesBuildPhase;
			buildActionMask = 2147483647;
			files = (
				D11CA9131A9BECCD0063A37E /* Main.storyboard in Resources */,
				D11CA9181A9BECCD0063A37E /* LaunchScreen.xib in Resources */,
				D11CA9151A9BECCD0063A37E /* Images.xcassets in Resources */,
			);
			runOnlyForDeploymentPostprocessing = 0;
		};
		D11CA91B1A9BECCD0063A37E /* Resources */ = {
			isa = PBXResourcesBuildPhase;
			buildActionMask = 2147483647;
			files = (
			);
			runOnlyForDeploymentPostprocessing = 0;
		};
/* End PBXResourcesBuildPhase section */

/* Begin PBXSourcesBuildPhase section */
		D11CA8FD1A9BECCD0063A37E /* Sources */ = {
			isa = PBXSourcesBuildPhase;
			buildActionMask = 2147483647;
			files = (
				D11CA90A1A9BECCD0063A37E /* AppDelegate.m in Sources */,
				D11CA9071A9BECCD0063A37E /* main.m in Sources */,
				D11CA9101A9BECCD0063A37E /* Start.m in Sources */,
				D11CA90D1A9BECCD0063A37E /* Inicio_8010.xcdatamodeld in Sources */,
			);
			runOnlyForDeploymentPostprocessing = 0;
		};
		D11CA9191A9BECCD0063A37E /* Sources */ = {
			isa = PBXSourcesBuildPhase;
			buildActionMask = 2147483647;
			files = (
				D11CA9241A9BECCD0063A37E /* Inicio_8010Tests.m in Sources */,
			);
			runOnlyForDeploymentPostprocessing = 0;
		};
/* End PBXSourcesBuildPhase section */

/* Begin PBXTargetDependency section */
		D11CA91F1A9BECCD0063A37E /* PBXTargetDependency */ = {
			isa = PBXTargetDependency;
			target = D11CA9001A9BECCD0063A37E /* Inicio-8010 */;
			targetProxy = D11CA91E1A9BECCD0063A37E /* PBXContainerItemProxy */;
		};
/* End PBXTargetDependency section */

/* Begin PBXVariantGroup section */
		D11CA9111A9BECCD0063A37E /* Main.storyboard */ = {
			isa = PBXVariantGroup;
			children = (
				D11CA9121A9BECCD0063A37E /* Base */,
			);
			name = Main.storyboard;
			sourceTree = "<group>";
		};
		D11CA9161A9BECCD0063A37E /* LaunchScreen.xib */ = {
			isa = PBXVariantGroup;
			children = (
				D11CA9171A9BECCD0063A37E /* Base */,
			);
			name = LaunchScreen.xib;
			sourceTree = "<group>";
		};
/* End PBXVariantGroup section */

/* Begin XCBuildConfiguration section */
		D11CA9251A9BECCD0063A37E /* Debug */ = {
			isa = XCBuildConfiguration;
			buildSettings = {
				ALWAYS_SEARCH_USER_PATHS = NO;
				CLANG_CXX_LANGUAGE_STANDARD = "gnu++0x";
				CLANG_CXX_LIBRARY = "libc++";
				CLANG_ENABLE_MODULES = YES;
				CLANG_ENABLE_OBJC_ARC = YES;
				CLANG_WARN_BOOL_CONVERSION = YES;
				CLANG_WARN_CONSTANT_CONVERSION = YES;
				CLANG_WARN_DIRECT_OBJC_ISA_USAGE = YES_ERROR;
				CLANG_WARN_EMPTY_BODY = YES;
				CLANG_WARN_ENUM_CONVERSION = YES;
				CLANG_WARN_INT_CONVERSION = YES;
				CLANG_WARN_OBJC_ROOT_CLASS = YES_ERROR;
				CLANG_WARN_UNREACHABLE_CODE = YES;
				CLANG_WARN__DUPLICATE_METHOD_MATCH = YES;
				"CODE_SIGN_IDENTITY[sdk=iphoneos*]" = "iPhone Developer";
				COPY_PHASE_STRIP = NO;
				ENABLE_STRICT_OBJC_MSGSEND = YES;
				GCC_C_LANGUAGE_STANDARD = gnu99;
				GCC_DYNAMIC_NO_PIC = NO;
				GCC_OPTIMIZATION_LEVEL = 0;
				GCC_PREPROCESSOR_DEFINITIONS = (
					"DEBUG=1",
					"$(inherited)",
				);
				GCC_SYMBOLS_PRIVATE_EXTERN = NO;
				GCC_WARN_64_TO_32_BIT_CONVERSION = YES;
				GCC_WARN_ABOUT_RETURN_TYPE = YES_ERROR;
				GCC_WARN_UNDECLARED_SELECTOR = YES;
				GCC_WARN_UNINITIALIZED_AUTOS = YES_AGGRESSIVE;
				GCC_WARN_UNUSED_FUNCTION = YES;
				GCC_WARN_UNUSED_VARIABLE = YES;
				IPHONEOS_DEPLOYMENT_TARGET = 8.1;
				MTL_ENABLE_DEBUG_INFO = YES;
				ONLY_ACTIVE_ARCH = YES;
				SDKROOT = iphoneos;
				TARGETED_DEVICE_FAMILY = "1,2";
			};
			name = Debug;
		};
		D11CA9261A9BECCD0063A37E /* Release */ = {
			isa = XCBuildConfiguration;
			buildSettings = {
				ALWAYS_SEARCH_USER_PATHS = NO;
				CLANG_CXX_LANGUAGE_STANDARD = "gnu++0x";
				CLANG_CXX_LIBRARY = "libc++";
				CLANG_ENABLE_MODULES = YES;
				CLANG_ENABLE_OBJC_ARC = YES;
				CLANG_WARN_BOOL_CONVERSION = YES;
				CLANG_WARN_CONSTANT_CONVERSION = YES;
				CLANG_WARN_DIRECT_OBJC_ISA_USAGE = YES_ERROR;
				CLANG_WARN_EMPTY_BODY = YES;
				CLANG_WARN_ENUM_CONVERSION = YES;
				CLANG_WARN_INT_CONVERSION = YES;
				CLANG_WARN_OBJC_ROOT_CLASS = YES_ERROR;
				CLANG_WARN_UNREACHABLE_CODE = YES;
				CLANG_WARN__DUPLICATE_METHOD_MATCH = YES;
				"CODE_SIGN_IDENTITY[sdk=iphoneos*]" = "iPhone Developer";
				COPY_PHASE_STRIP = YES;
				ENABLE_NS_ASSERTIONS = NO;
				ENABLE_STRICT_OBJC_MSGSEND = YES;
				GCC_C_LANGUAGE_STANDARD = gnu99;
				GCC_WARN_64_TO_32_BIT_CONVERSION = YES;
				GCC_WARN_ABOUT_RETURN_TYPE = YES_ERROR;
				GCC_WARN_UNDECLARED_SELECTOR = YES;
				GCC_WARN_UNINITIALIZED_AUTOS = YES_AGGRESSIVE;
				GCC_WARN_UNUSED_FUNCTION = YES;
				GCC_WARN_UNUSED_VARIABLE = YES;
				IPHONEOS_DEPLOYMENT_TARGET = 8.1;
				MTL_ENABLE_DEBUG_INFO = NO;
				SDKROOT = iphoneos;
				TARGETED_DEVICE_FAMILY = "1,2";
				VALIDATE_PRODUCT = YES;
			};
			name = Release;
		};
		D11CA9281A9BECCD0063A37E /* Debug */ = {
			isa = XCBuildConfiguration;
			buildSettings = {
				ASSETCATALOG_COMPILER_APPICON_NAME = AppIcon;
				INFOPLIST_FILE = "Inicio-8010/Info.plist";
				LD_RUNPATH_SEARCH_PATHS = "$(inherited) @executable_path/Frameworks";
				PRODUCT_NAME = "$(TARGET_NAME)";
			};
			name = Debug;
		};
		D11CA9291A9BECCD0063A37E /* Release */ = {
			isa = XCBuildConfiguration;
			buildSettings = {
				ASSETCATALOG_COMPILER_APPICON_NAME = AppIcon;
				INFOPLIST_FILE = "Inicio-8010/Info.plist";
				LD_RUNPATH_SEARCH_PATHS = "$(inherited) @executable_path/Frameworks";
				PRODUCT_NAME = "$(TARGET_NAME)";
			};
			name = Release;
		};
		D11CA92B1A9BECCD0063A37E /* Debug */ = {
			isa = XCBuildConfiguration;
			buildSettings = {
				BUNDLE_LOADER = "$(TEST_HOST)";
				FRAMEWORK_SEARCH_PATHS = (
					"$(SDKROOT)/Developer/Library/Frameworks",
					"$(inherited)",
				);
				GCC_PREPROCESSOR_DEFINITIONS = (
					"DEBUG=1",
					"$(inherited)",
				);
				INFOPLIST_FILE = "Inicio-8010Tests/Info.plist";
				LD_RUNPATH_SEARCH_PATHS = "$(inherited) @executable_path/Frameworks @loader_path/Frameworks";
				PRODUCT_NAME = "$(TARGET_NAME)";
				TEST_HOST = "$(BUILT_PRODUCTS_DIR)/Inicio-8010.app/Inicio-8010";
			};
			name = Debug;
		};
		D11CA92C1A9BECCD0063A37E /* Release */ = {
			isa = XCBuildConfiguration;
			buildSettings = {
				BUNDLE_LOADER = "$(TEST_HOST)";
				FRAMEWORK_SEARCH_PATHS = (
					"$(SDKROOT)/Developer/Library/Frameworks",
					"$(inherited)",
				);
				INFOPLIST_FILE = "Inicio-8010Tests/Info.plist";
				LD_RUNPATH_SEARCH_PATHS = "$(inherited) @executable_path/Frameworks @loader_path/Frameworks";
				PRODUCT_NAME = "$(TARGET_NAME)";
				TEST_HOST = "$(BUILT_PRODUCTS_DIR)/Inicio-8010.app/Inicio-8010";
			};
			name = Release;
		};
/* End XCBuildConfiguration section */

/* Begin XCConfigurationList section */
		D11CA8FC1A9BECCD0063A37E /* Build configuration list for PBXProject "Inicio-8010" */ = {
			isa = XCConfigurationList;
			buildConfigurations = (
				D11CA9251A9BECCD0063A37E /* Debug */,
				D11CA9261A9BECCD0063A37E /* Release */,
			);
			defaultConfigurationIsVisible = 0;
			defaultConfigurationName = Release;
		};
		D11CA9271A9BECCD0063A37E /* Build configuration list for PBXNativeTarget "Inicio-8010" */ = {
			isa = XCConfigurationList;
			buildConfigurations = (
				D11CA9281A9BECCD0063A37E /* Debug */,
				D11CA9291A9BECCD0063A37E /* Release */,
			);
			defaultConfigurationIsVisible = 0;
		};
		D11CA92A1A9BECCD0063A37E /* Build configuration list for PBXNativeTarget "Inicio-8010Tests" */ = {
			isa = XCConfigurationList;
			buildConfigurations = (
				D11CA92B1A9BECCD0063A37E /* Debug */,
				D11CA92C1A9BECCD0063A37E /* Release */,
			);
			defaultConfigurationIsVisible = 0;
		};
/* End XCConfigurationList section */

/* Begin XCVersionGroup section */
		D11CA90B1A9BECCD0063A37E /* Inicio_8010.xcdatamodeld */ = {
			isa = XCVersionGroup;
			children = (
				D11CA90C1A9BECCD0063A37E /* Inicio_8010.xcdatamodel */,
			);
			currentVersion = D11CA90C1A9BECCD0063A37E /* Inicio_8010.xcdatamodel */;
			path = Inicio_8010.xcdatamodeld;
			sourceTree = "<group>";
			versionGroupType = wrapper.xcdatamodel;
		};
/* End XCVersionGroup section */
	};
	rootObject = D11CA8F91A9BECCD0063A37E /* Project object */;
}
